
Microsoft Visual Studio Solution File, Format Version 12.00
# Visual Studio Version 16
VisualStudioVersion = 16.0.29519.181
MinimumVisualStudioVersion = 10.0.40219.1
Project("{9A19103F-16F7-4668-BE54-9A1E7A4F7556}") = "Tests", "Tests\Tests.csproj", "{70408387-7D28-4500-A22F-A99F3CAF5F53}"
EndProject
Project("{9A19103F-16F7-4668-BE54-9A1E7A4F7556}") = "Sandbox", "Sandbox\Sandbox.csproj", "{329B9739-540E-4DD5-B3D6-00AABF32A79D}"
EndProject
Project("{2150E333-8FDC-42A3-9474-1A3956D46DE8}") = "Solution Items", "Solution Items", "{E2E3F77B-956B-402C-8D75-D25CCAC0B3D2}"
	ProjectSection(SolutionItems) = preProject
		.editorconfig = .editorconfig
	EndProjectSection
EndProject
Project("{9A19103F-16F7-4668-BE54-9A1E7A4F7556}") = "MCServerSharp.NBT", "MCServerSharp.NBT\MCServerSharp.NBT.csproj", "{83B54FEE-D441-49F8-B8DC-5F0532F7D216}"
EndProject
Project("{9A19103F-16F7-4668-BE54-9A1E7A4F7556}") = "MCServerSharp.World", "MCServerSharp.World\MCServerSharp.World.csproj", "{93A8F2CF-A40F-405B-A9F3-6FC902BCF5D6}"
EndProject
Project("{9A19103F-16F7-4668-BE54-9A1E7A4F7556}") = "MCServerSharp.Base", "MCServerSharp.Base\MCServerSharp.Base.csproj", "{8FB3C106-65FF-4987-A860-6616E4B269C3}"
EndProject
Project("{9A19103F-16F7-4668-BE54-9A1E7A4F7556}") = "MCServerSharp.Server", "MCServerSharp.Server\MCServerSharp.Server.csproj", "{F882822D-F2D4-4DC2-91C0-FE0439D41BDB}"
EndProject
Project("{9A19103F-16F7-4668-BE54-9A1E7A4F7556}") = "MCServerSharp.Net", "MCServerSharp.Net\MCServerSharp.Net.csproj", "{9A147149-BD48-43EB-9AEB-CB80FEA24D30}"
EndProject
Global
	GlobalSection(SolutionConfigurationPlatforms) = preSolution
		Debug|Any CPU = Debug|Any CPU
		Release|Any CPU = Release|Any CPU
	EndGlobalSection
	GlobalSection(ProjectConfigurationPlatforms) = postSolution
		{70408387-7D28-4500-A22F-A99F3CAF5F53}.Debug|Any CPU.ActiveCfg = Debug|Any CPU
		{70408387-7D28-4500-A22F-A99F3CAF5F53}.Debug|Any CPU.Build.0 = Debug|Any CPU
		{70408387-7D28-4500-A22F-A99F3CAF5F53}.Release|Any CPU.ActiveCfg = Release|Any CPU
		{70408387-7D28-4500-A22F-A99F3CAF5F53}.Release|Any CPU.Build.0 = Release|Any CPU
		{329B9739-540E-4DD5-B3D6-00AABF32A79D}.Debug|Any CPU.ActiveCfg = Debug|Any CPU
		{329B9739-540E-4DD5-B3D6-00AABF32A79D}.Debug|Any CPU.Build.0 = Debug|Any CPU
		{329B9739-540E-4DD5-B3D6-00AABF32A79D}.Release|Any CPU.ActiveCfg = Release|Any CPU
		{329B9739-540E-4DD5-B3D6-00AABF32A79D}.Release|Any CPU.Build.0 = Release|Any CPU
		{83B54FEE-D441-49F8-B8DC-5F0532F7D216}.Debug|Any CPU.ActiveCfg = Debug|Any CPU
		{83B54FEE-D441-49F8-B8DC-5F0532F7D216}.Debug|Any CPU.Build.0 = Debug|Any CPU
		{83B54FEE-D441-49F8-B8DC-5F0532F7D216}.Release|Any CPU.ActiveCfg = Release|Any CPU
		{83B54FEE-D441-49F8-B8DC-5F0532F7D216}.Release|Any CPU.Build.0 = Release|Any CPU
		{93A8F2CF-A40F-405B-A9F3-6FC902BCF5D6}.Debug|Any CPU.ActiveCfg = Debug|Any CPU
		{93A8F2CF-A40F-405B-A9F3-6FC902BCF5D6}.Debug|Any CPU.Build.0 = Debug|Any CPU
		{93A8F2CF-A40F-405B-A9F3-6FC902BCF5D6}.Release|Any CPU.ActiveCfg = Release|Any CPU
		{93A8F2CF-A40F-405B-A9F3-6FC902BCF5D6}.Release|Any CPU.Build.0 = Release|Any CPU
		{8FB3C106-65FF-4987-A860-6616E4B269C3}.Debug|Any CPU.ActiveCfg = Debug|Any CPU
		{8FB3C106-65FF-4987-A860-6616E4B269C3}.Debug|Any CPU.Build.0 = Debug|Any CPU
		{8FB3C106-65FF-4987-A860-6616E4B269C3}.Release|Any CPU.ActiveCfg = Release|Any CPU
		{8FB3C106-65FF-4987-A860-6616E4B269C3}.Release|Any CPU.Build.0 = Release|Any CPU
		{F882822D-F2D4-4DC2-91C0-FE0439D41BDB}.Debug|Any CPU.ActiveCfg = Debug|Any CPU
		{F882822D-F2D4-4DC2-91C0-FE0439D41BDB}.Debug|Any CPU.Build.0 = Debug|Any CPU
		{F882822D-F2D4-4DC2-91C0-FE0439D41BDB}.Release|Any CPU.ActiveCfg = Release|Any CPU
		{F882822D-F2D4-4DC2-91C0-FE0439D41BDB}.Release|Any CPU.Build.0 = Release|Any CPU
		{9A147149-BD48-43EB-9AEB-CB80FEA24D30}.Debug|Any CPU.ActiveCfg = Debug|Any CPU
		{9A147149-BD48-43EB-9AEB-CB80FEA24D30}.Debug|Any CPU.Build.0 = Debug|Any CPU
		{9A147149-BD48-43EB-9AEB-CB80FEA24D30}.Release|Any CPU.ActiveCfg = Release|Any CPU
		{9A147149-BD48-43EB-9AEB-CB80FEA24D30}.Release|Any CPU.Build.0 = Release|Any CPU
	EndGlobalSection
	GlobalSection(SolutionProperties) = preSolution
		HideSolutionNode = FALSE
	EndGlobalSection
	GlobalSection(ExtensibilityGlobals) = postSolution
		SolutionGuid = {B6680800-0E76-47CC-B6B2-E6F4CB757E68}
	EndGlobalSection
EndGlobal
